
Microsoft Visual Studio Solution File, Format Version 12.00
# Visual Studio 15
VisualStudioVersion = 15.0.27703.2035
MinimumVisualStudioVersion = 10.0.40219.1
Project("{FAE04EC0-301F-11D3-BF4B-00C04F79EFBC}") = "Calculator1.Android", "Calculator1\Calculator1.Android\Calculator1.Android.csproj", "{50F9E06A-5C4A-4E82-9917-0FE462DE7B28}"
EndProject
Project("{FAE04EC0-301F-11D3-BF4B-00C04F79EFBC}") = "Calculator1", "Calculator1\Calculator1\Calculator1.csproj", "{8651FE18-49B3-4C57-A9F3-09DF0A483EED}"
EndProject
Global
	GlobalSection(SolutionConfigurationPlatforms) = preSolution
		Debug|Any CPU = Debug|Any CPU
		Release|Any CPU = Release|Any CPU
	EndGlobalSection
	GlobalSection(ProjectConfigurationPlatforms) = postSolution
		{50F9E06A-5C4A-4E82-9917-0FE462DE7B28}.Debug|Any CPU.ActiveCfg = Debug|Any CPU
		{50F9E06A-5C4A-4E82-9917-0FE462DE7B28}.Debug|Any CPU.Build.0 = Debug|Any CPU
		{50F9E06A-5C4A-4E82-9917-0FE462DE7B28}.Debug|Any CPU.Deploy.0 = Debug|Any CPU
		{50F9E06A-5C4A-4E82-9917-0FE462DE7B28}.Release|Any CPU.ActiveCfg = Release|Any CPU
		{50F9E06A-5C4A-4E82-9917-0FE462DE7B28}.Release|Any CPU.Build.0 = Release|Any CPU
		{50F9E06A-5C4A-4E82-9917-0FE462DE7B28}.Release|Any CPU.Deploy.0 = Release|Any CPU
		{8651FE18-49B3-4C57-A9F3-09DF0A483EED}.Debug|Any CPU.ActiveCfg = Debug|Any CPU
		{8651FE18-49B3-4C57-A9F3-09DF0A483EED}.Debug|Any CPU.Build.0 = Debug|Any CPU
		{8651FE18-49B3-4C57-A9F3-09DF0A483EED}.Debug|Any CPU.Deploy.0 = Debug|Any CPU
		{8651FE18-49B3-4C57-A9F3-09DF0A483EED}.Release|Any CPU.ActiveCfg = Release|Any CPU
		{8651FE18-49B3-4C57-A9F3-09DF0A483EED}.Release|Any CPU.Build.0 = Release|Any CPU
		{8651FE18-49B3-4C57-A9F3-09DF0A483EED}.Release|Any CPU.Deploy.0 = Release|Any CPU
	EndGlobalSection
	GlobalSection(SolutionProperties) = preSolution
		HideSolutionNode = FALSE
	EndGlobalSection
	GlobalSection(ExtensibilityGlobals) = postSolution
		SolutionGuid = {4B73B52D-397D-4523-8D02-A4047459F697}
	EndGlobalSection
EndGlobal
